
Microsoft Visual Studio Solution File, Format Version 12.00
# Visual Studio Version 16
VisualStudioVersion = 16.0.30611.23
MinimumVisualStudioVersion = 10.0.40219.1
Project("{FAE04EC0-301F-11D3-BF4B-00C04F79EFBC}") = "Covid", "Covid\Covid.csproj", "{F519BCA8-786D-4765-A453-FC0198532C47}"
	ProjectSection(ProjectDependencies) = postProject
		{F110509C-0573-4649-BA0A-81E39B794361} = {F110509C-0573-4649-BA0A-81E39B794361}
	EndProjectSection
EndProject
Project("{FAE04EC0-301F-11D3-BF4B-00C04F79EFBC}") = "CovidHost", "CovidHost\CovidHost.csproj", "{F110509C-0573-4649-BA0A-81E39B794361}"
EndProject
Global
	GlobalSection(SolutionConfigurationPlatforms) = preSolution
		Debug|Any CPU = Debug|Any CPU
		Release|Any CPU = Release|Any CPU
	EndGlobalSection
	GlobalSection(ProjectConfigurationPlatforms) = postSolution
		{F519BCA8-786D-4765-A453-FC0198532C47}.Debug|Any CPU.ActiveCfg = Debug|Any CPU
		{F519BCA8-786D-4765-A453-FC0198532C47}.Debug|Any CPU.Build.0 = Debug|Any CPU
		{F519BCA8-786D-4765-A453-FC0198532C47}.Release|Any CPU.ActiveCfg = Release|Any CPU
		{F519BCA8-786D-4765-A453-FC0198532C47}.Release|Any CPU.Build.0 = Release|Any CPU
		{F110509C-0573-4649-BA0A-81E39B794361}.Debug|Any CPU.ActiveCfg = Debug|Any CPU
		{F110509C-0573-4649-BA0A-81E39B794361}.Debug|Any CPU.Build.0 = Debug|Any CPU
		{F110509C-0573-4649-BA0A-81E39B794361}.Release|Any CPU.ActiveCfg = Release|Any CPU
		{F110509C-0573-4649-BA0A-81E39B794361}.Release|Any CPU.Build.0 = Release|Any CPU
	EndGlobalSection
	GlobalSection(SolutionProperties) = preSolution
		HideSolutionNode = FALSE
	EndGlobalSection
	GlobalSection(ExtensibilityGlobals) = postSolution
		SolutionGuid = {44D13C25-7A15-49BD-A4D8-CCD86546E9B4}
	EndGlobalSection
EndGlobal
